
Microsoft Visual Studio Solution File, Format Version 12.00
# Visual Studio Version 17
VisualStudioVersion = 17.3.32825.248
MinimumVisualStudioVersion = 10.0.40219.1
Project("{FAE04EC0-301F-11D3-BF4B-00C04F79EFBC}") = "iMeter", "iMeter.Core\iMeter.csproj", "{5EFAE870-4E69-4E98-98DD-30E0C9B0DEF2}"
EndProject
Project("{FAE04EC0-301F-11D3-BF4B-00C04F79EFBC}") = "OAUS.Core", "OAUS.Core\OAUS.Core.csproj", "{44B0583B-F58E-4EC2-9255-454546222C66}"
EndProject
Project("{FAE04EC0-301F-11D3-BF4B-00C04F79EFBC}") = "OOPESAM.Core", "OOPESAM.Core\OOPESAM.Core.csproj", "{F68A8DBE-5833-4EB9-9210-73BAE609B971}"
EndProject
Project("{FAE04EC0-301F-11D3-BF4B-00C04F79EFBC}") = "Communication.Core", "Communication.Core\Communication.Core.csproj", "{CE56DF2B-3B8E-4C24-8959-7FA6DDC89AC9}"
EndProject
Project("{FAE04EC0-301F-11D3-BF4B-00C04F79EFBC}") = "Protocol.Core", "Protocol.Core\Protocol.Core.csproj", "{11FC8C7C-3671-4BF1-8061-69981482362B}"
EndProject
Project("{FAE04EC0-301F-11D3-BF4B-00C04F79EFBC}") = "PublicFunction", "PublicFunction\PublicFunction.csproj", "{A60C5D11-E2B7-4AA5-84C4-815E3A0B3AEA}"
EndProject
Global
	GlobalSection(SolutionConfigurationPlatforms) = preSolution
		Debug|Any CPU = Debug|Any CPU
		Debug|Mixed Platforms = Debug|Mixed Platforms
		Debug|x86 = Debug|x86
		Release|Any CPU = Release|Any CPU
		Release|Mixed Platforms = Release|Mixed Platforms
		Release|x86 = Release|x86
	EndGlobalSection
	GlobalSection(ProjectConfigurationPlatforms) = postSolution
		{5EFAE870-4E69-4E98-98DD-30E0C9B0DEF2}.Debug|Any CPU.ActiveCfg = Debug|x86
		{5EFAE870-4E69-4E98-98DD-30E0C9B0DEF2}.Debug|Any CPU.Build.0 = Debug|x86
		{5EFAE870-4E69-4E98-98DD-30E0C9B0DEF2}.Debug|Mixed Platforms.ActiveCfg = Debug|x86
		{5EFAE870-4E69-4E98-98DD-30E0C9B0DEF2}.Debug|Mixed Platforms.Build.0 = Debug|x86
		{5EFAE870-4E69-4E98-98DD-30E0C9B0DEF2}.Debug|x86.ActiveCfg = Debug|x86
		{5EFAE870-4E69-4E98-98DD-30E0C9B0DEF2}.Debug|x86.Build.0 = Debug|x86
		{5EFAE870-4E69-4E98-98DD-30E0C9B0DEF2}.Release|Any CPU.ActiveCfg = Release|x86
		{5EFAE870-4E69-4E98-98DD-30E0C9B0DEF2}.Release|Mixed Platforms.ActiveCfg = Release|x86
		{5EFAE870-4E69-4E98-98DD-30E0C9B0DEF2}.Release|Mixed Platforms.Build.0 = Release|x86
		{5EFAE870-4E69-4E98-98DD-30E0C9B0DEF2}.Release|x86.ActiveCfg = Release|x86
		{5EFAE870-4E69-4E98-98DD-30E0C9B0DEF2}.Release|x86.Build.0 = Release|x86
		{44B0583B-F58E-4EC2-9255-454546222C66}.Debug|Any CPU.ActiveCfg = Debug|Any CPU
		{44B0583B-F58E-4EC2-9255-454546222C66}.Debug|Any CPU.Build.0 = Debug|Any CPU
		{44B0583B-F58E-4EC2-9255-454546222C66}.Debug|Mixed Platforms.ActiveCfg = Debug|Any CPU
		{44B0583B-F58E-4EC2-9255-454546222C66}.Debug|Mixed Platforms.Build.0 = Debug|Any CPU
		{44B0583B-F58E-4EC2-9255-454546222C66}.Debug|x86.ActiveCfg = Debug|Any CPU
		{44B0583B-F58E-4EC2-9255-454546222C66}.Release|Any CPU.ActiveCfg = Release|Any CPU
		{44B0583B-F58E-4EC2-9255-454546222C66}.Release|Any CPU.Build.0 = Release|Any CPU
		{44B0583B-F58E-4EC2-9255-454546222C66}.Release|Mixed Platforms.ActiveCfg = Release|Any CPU
		{44B0583B-F58E-4EC2-9255-454546222C66}.Release|Mixed Platforms.Build.0 = Release|Any CPU
		{44B0583B-F58E-4EC2-9255-454546222C66}.Release|x86.ActiveCfg = Release|Any CPU
		{F68A8DBE-5833-4EB9-9210-73BAE609B971}.Debug|Any CPU.ActiveCfg = Debug|Any CPU
		{F68A8DBE-5833-4EB9-9210-73BAE609B971}.Debug|Any CPU.Build.0 = Debug|Any CPU
		{F68A8DBE-5833-4EB9-9210-73BAE609B971}.Debug|Mixed Platforms.ActiveCfg = Debug|Any CPU
		{F68A8DBE-5833-4EB9-9210-73BAE609B971}.Debug|Mixed Platforms.Build.0 = Debug|Any CPU
		{F68A8DBE-5833-4EB9-9210-73BAE609B971}.Debug|x86.ActiveCfg = Debug|Any CPU
		{F68A8DBE-5833-4EB9-9210-73BAE609B971}.Release|Any CPU.ActiveCfg = Release|Any CPU
		{F68A8DBE-5833-4EB9-9210-73BAE609B971}.Release|Any CPU.Build.0 = Release|Any CPU
		{F68A8DBE-5833-4EB9-9210-73BAE609B971}.Release|Mixed Platforms.ActiveCfg = Release|Any CPU
		{F68A8DBE-5833-4EB9-9210-73BAE609B971}.Release|Mixed Platforms.Build.0 = Release|Any CPU
		{F68A8DBE-5833-4EB9-9210-73BAE609B971}.Release|x86.ActiveCfg = Release|Any CPU
		{CE56DF2B-3B8E-4C24-8959-7FA6DDC89AC9}.Debug|Any CPU.ActiveCfg = Debug|Any CPU
		{CE56DF2B-3B8E-4C24-8959-7FA6DDC89AC9}.Debug|Any CPU.Build.0 = Debug|Any CPU
		{CE56DF2B-3B8E-4C24-8959-7FA6DDC89AC9}.Debug|Mixed Platforms.ActiveCfg = Debug|Any CPU
		{CE56DF2B-3B8E-4C24-8959-7FA6DDC89AC9}.Debug|Mixed Platforms.Build.0 = Debug|Any CPU
		{CE56DF2B-3B8E-4C24-8959-7FA6DDC89AC9}.Debug|x86.ActiveCfg = Debug|Any CPU
		{CE56DF2B-3B8E-4C24-8959-7FA6DDC89AC9}.Release|Any CPU.ActiveCfg = Release|Any CPU
		{CE56DF2B-3B8E-4C24-8959-7FA6DDC89AC9}.Release|Any CPU.Build.0 = Release|Any CPU
		{CE56DF2B-3B8E-4C24-8959-7FA6DDC89AC9}.Release|Mixed Platforms.ActiveCfg = Release|Any CPU
		{CE56DF2B-3B8E-4C24-8959-7FA6DDC89AC9}.Release|Mixed Platforms.Build.0 = Release|Any CPU
		{CE56DF2B-3B8E-4C24-8959-7FA6DDC89AC9}.Release|x86.ActiveCfg = Release|Any CPU
		{11FC8C7C-3671-4BF1-8061-69981482362B}.Debug|Any CPU.ActiveCfg = Debug|Any CPU
		{11FC8C7C-3671-4BF1-8061-69981482362B}.Debug|Any CPU.Build.0 = Debug|Any CPU
		{11FC8C7C-3671-4BF1-8061-69981482362B}.Debug|Mixed Platforms.ActiveCfg = Debug|Any CPU
		{11FC8C7C-3671-4BF1-8061-69981482362B}.Debug|Mixed Platforms.Build.0 = Debug|Any CPU
		{11FC8C7C-3671-4BF1-8061-69981482362B}.Debug|x86.ActiveCfg = Debug|Any CPU
		{11FC8C7C-3671-4BF1-8061-69981482362B}.Release|Any CPU.ActiveCfg = Release|Any CPU
		{11FC8C7C-3671-4BF1-8061-69981482362B}.Release|Any CPU.Build.0 = Release|Any CPU
		{11FC8C7C-3671-4BF1-8061-69981482362B}.Release|Mixed Platforms.ActiveCfg = Release|Any CPU
		{11FC8C7C-3671-4BF1-8061-69981482362B}.Release|Mixed Platforms.Build.0 = Release|Any CPU
		{11FC8C7C-3671-4BF1-8061-69981482362B}.Release|x86.ActiveCfg = Release|Any CPU
		{A60C5D11-E2B7-4AA5-84C4-815E3A0B3AEA}.Debug|Any CPU.ActiveCfg = Debug|Any CPU
		{A60C5D11-E2B7-4AA5-84C4-815E3A0B3AEA}.Debug|Any CPU.Build.0 = Debug|Any CPU
		{A60C5D11-E2B7-4AA5-84C4-815E3A0B3AEA}.Debug|Mixed Platforms.ActiveCfg = Debug|Any CPU
		{A60C5D11-E2B7-4AA5-84C4-815E3A0B3AEA}.Debug|Mixed Platforms.Build.0 = Debug|Any CPU
		{A60C5D11-E2B7-4AA5-84C4-815E3A0B3AEA}.Debug|x86.ActiveCfg = Debug|Any CPU
		{A60C5D11-E2B7-4AA5-84C4-815E3A0B3AEA}.Release|Any CPU.ActiveCfg = Release|Any CPU
		{A60C5D11-E2B7-4AA5-84C4-815E3A0B3AEA}.Release|Any CPU.Build.0 = Release|Any CPU
		{A60C5D11-E2B7-4AA5-84C4-815E3A0B3AEA}.Release|Mixed Platforms.ActiveCfg = Release|Any CPU
		{A60C5D11-E2B7-4AA5-84C4-815E3A0B3AEA}.Release|Mixed Platforms.Build.0 = Release|Any CPU
		{A60C5D11-E2B7-4AA5-84C4-815E3A0B3AEA}.Release|x86.ActiveCfg = Release|Any CPU
	EndGlobalSection
	GlobalSection(SolutionProperties) = preSolution
		HideSolutionNode = FALSE
	EndGlobalSection
	GlobalSection(ExtensibilityGlobals) = postSolution
		SolutionGuid = {DD518DE6-6331-4159-8446-6F645F2B50A6}
	EndGlobalSection
EndGlobal
